
Microsoft Visual Studio Solution File, Format Version 11.00
# Visual Studio 2010
Project("{FAE04EC0-301F-11D3-BF4B-00C04F79EFBC}") = "Joguinho_Alfabetização", "Joguinho_Alfabetização\Joguinho_Alfabetização.csproj", "{F39C1B86-43ED-4877-882E-A9BF312D8687}"
EndProject
Global
	GlobalSection(SolutionConfigurationPlatforms) = preSolution
		Debug|x86 = Debug|x86
		Release|x86 = Release|x86
	EndGlobalSection
	GlobalSection(ProjectConfigurationPlatforms) = postSolution
		{F39C1B86-43ED-4877-882E-A9BF312D8687}.Debug|x86.ActiveCfg = Debug|x86
		{F39C1B86-43ED-4877-882E-A9BF312D8687}.Debug|x86.Build.0 = Debug|x86
		{F39C1B86-43ED-4877-882E-A9BF312D8687}.Release|x86.ActiveCfg = Release|x86
		{F39C1B86-43ED-4877-882E-A9BF312D8687}.Release|x86.Build.0 = Release|x86
	EndGlobalSection
	GlobalSection(SolutionProperties) = preSolution
		HideSolutionNode = FALSE
	EndGlobalSection
EndGlobal
